
Microsoft Visual Studio Solution File, Format Version 12.00
# Visual Studio Version 16
VisualStudioVersion = 16.0.31729.503
MinimumVisualStudioVersion = 10.0.40219.1
Project("{FAE04EC0-301F-11D3-BF4B-00C04F79EFBC}") = "WeAreTheChampions", "WeAreTheChampions\WeAreTheChampions.csproj", "{904F97AE-0A1F-47A4-BA93-3AF3ABC08E99}"
EndProject
Global
	GlobalSection(SolutionConfigurationPlatforms) = preSolution
		Debug|Any CPU = Debug|Any CPU
		Release|Any CPU = Release|Any CPU
	EndGlobalSection
	GlobalSection(ProjectConfigurationPlatforms) = postSolution
		{904F97AE-0A1F-47A4-BA93-3AF3ABC08E99}.Debug|Any CPU.ActiveCfg = Debug|Any CPU
		{904F97AE-0A1F-47A4-BA93-3AF3ABC08E99}.Debug|Any CPU.Build.0 = Debug|Any CPU
		{904F97AE-0A1F-47A4-BA93-3AF3ABC08E99}.Release|Any CPU.ActiveCfg = Release|Any CPU
		{904F97AE-0A1F-47A4-BA93-3AF3ABC08E99}.Release|Any CPU.Build.0 = Release|Any CPU
	EndGlobalSection
	GlobalSection(SolutionProperties) = preSolution
		HideSolutionNode = FALSE
	EndGlobalSection
	GlobalSection(ExtensibilityGlobals) = postSolution
		SolutionGuid = {C16BE91E-9D16-4668-83EF-5EA71A36A223}
	EndGlobalSection
EndGlobal
